{
  "version": 4,
  "terraform_version": "1.15.8",
  "serial": 8,
  "lineage": "42464388-d1d4-9ec3-78d3-8092f5a3bbd3",
  "outputs": {
    "bucket_name": {
      "value": "securesix-terraform-portfolio-631ecb3cfde92723f8c2fac0b8",
      "type": "string"
    },
    "website_endpoint": {
      "value": "securesix-terraform-portfolio-631ecb3cfde92723f8c2fac0b8.s3-website-ap-southeast-1.amazonaws.com",
      "type": "string"
    }
  },
  "resources": [
    {
      "mode": "data",
      "type": "aws_iam_policy_document",
      "name": "website",
      "provider": "provider[\"registry.terraform.io/hashicorp/aws\"]",
      "instances": [
        {
          "schema_version": 0,
          "attributes": {
            "id": "2827653860",
            "json": "{\n  \"Version\": \"2012-10-17\",\n  \"Statement\": [\n    {\n      \"Sid\": \"PublicReadGetObject\",\n      \"Effect\": \"Allow\",\n      \"Action\": \"s3:GetObject\",\n      \"Resource\": \"arn:aws:s3:::securesix-terraform-portfolio-631ecb3cfde92723f8c2fac0b8/*\",\n      \"Principal\": \"*\"\n    }\n  ]\n}",
            "minified_json": "{\"Version\":\"2012-10-17\",\"Statement\":[{\"Sid\":\"PublicReadGetObject\",\"Effect\":\"Allow\",\"Action\":\"s3:GetObject\",\"Resource\":\"arn:aws:s3:::securesix-terraform-portfolio-631ecb3cfde92723f8c2fac0b8/*\",\"Principal\":\"*\"}]}",
            "override_json": null,
            "override_policy_documents": null,
            "policy_id": null,
            "source_json": null,
            "source_policy_documents": null,
            "statement": [
              {
                "actions": [
                  "s3:GetObject"
                ],
                "condition": [],
                "effect": "Allow",
                "not_actions": [],
                "not_principals": [],
                "not_resources": [],
                "principals": [
                  {
                    "identifiers": [
                      "*"
                    ],
                    "type": "*"
                  }
                ],
                "resources": [
                  "arn:aws:s3:::securesix-terraform-portfolio-631ecb3cfde92723f8c2fac0b8/*"
                ],
                "sid": "PublicReadGetObject"
              }
            ],
            "version": "2012-10-17"
          },
          "sensitive_attributes": [],
          "identity_schema_version": 0
        }
      ]
    },
    {
      "mode": "managed",
      "type": "aws_s3_bucket",
      "name": "website",
      "provider": "provider[\"registry.terraform.io/hashicorp/aws\"]",
      "instances": [
        {
          "schema_version": 0,
          "attributes": {
            "acceleration_status": "",
            "acl": null,
            "arn": "arn:aws:s3:::securesix-terraform-portfolio-631ecb3cfde92723f8c2fac0b8",
            "bucket": "securesix-terraform-portfolio-631ecb3cfde92723f8c2fac0b8",
            "bucket_domain_name": "securesix-terraform-portfolio-631ecb3cfde92723f8c2fac0b8.s3.amazonaws.com",
            "bucket_namespace": "global",
            "bucket_prefix": "securesix-terraform-portfolio-",
            "bucket_region": "ap-southeast-1",
            "bucket_regional_domain_name": "securesix-terraform-portfolio-631ecb3cfde92723f8c2fac0b8.s3.ap-southeast-1.amazonaws.com",
            "cors_rule": [],
            "force_destroy": false,
            "grant": [
              {
                "id": "dcad5f0b44bc7b82622c6baf7463354b04409cb0f40b1f66e9b7761cfcaf0ec1",
                "permissions": [
                  "FULL_CONTROL"
                ],
                "type": "CanonicalUser",
                "uri": ""
              }
            ],
            "hosted_zone_id": "Z3O0J2DXBE1FTB",
            "id": "securesix-terraform-portfolio-631ecb3cfde92723f8c2fac0b8",
            "lifecycle_rule": [],
            "logging": [],
            "object_lock_configuration": [],
            "object_lock_enabled": false,
            "policy": "",
            "region": "ap-southeast-1",
            "replication_configuration": [],
            "request_payer": "BucketOwner",
            "server_side_encryption_configuration": [
              {
                "rule": [
                  {
                    "apply_server_side_encryption_by_default": [
                      {
                        "kms_master_key_id": "",
                        "sse_algorithm": "AES256"
                      }
                    ],
                    "bucket_key_enabled": false
                  }
                ]
              }
            ],
            "tags": {
              "Environment": "portfolio",
              "Name": "SecureSix Terraform Portfolio Website",
              "Project": "01-aws-static-website"
            },
            "tags_all": {
              "Environment": "portfolio",
              "Name": "SecureSix Terraform Portfolio Website",
              "Project": "01-aws-static-website"
            },
            "timeouts": null,
            "versioning": [
              {
                "enabled": false,
                "mfa_delete": false
              }
            ],
            "website": [],
            "website_domain": null,
            "website_endpoint": null
          },
          "sensitive_attributes": [],
          "identity_schema_version": 0,
          "identity": {
            "account_id": "867895848293",
            "bucket": "securesix-terraform-portfolio-631ecb3cfde92723f8c2fac0b8",
            "region": "ap-southeast-1"
          },
          "private": "eyJlMmJmYjczMC1lY2FhLTExZTYtOGY4OC0zNDM2M2JjN2M0YzAiOnsiY3JlYXRlIjoxMjAwMDAwMDAwMDAwLCJkZWxldGUiOjM2MDAwMDAwMDAwMDAsInJlYWQiOjEyMDAwMDAwMDAwMDAsInVwZGF0ZSI6MTIwMDAwMDAwMDAwMH19"
        }
      ]
    },
    {
      "mode": "managed",
      "type": "aws_s3_bucket_policy",
      "name": "website",
      "provider": "provider[\"registry.terraform.io/hashicorp/aws\"]",
      "instances": [
        {
          "schema_version": 0,
          "attributes": {
            "bucket": "securesix-terraform-portfolio-631ecb3cfde92723f8c2fac0b8",
            "id": "securesix-terraform-portfolio-631ecb3cfde92723f8c2fac0b8",
            "policy": "{\"Statement\":[{\"Action\":\"s3:GetObject\",\"Effect\":\"Allow\",\"Principal\":\"*\",\"Resource\":\"arn:aws:s3:::securesix-terraform-portfolio-631ecb3cfde92723f8c2fac0b8/*\",\"Sid\":\"PublicReadGetObject\"}],\"Version\":\"2012-10-17\"}",
            "region": "ap-southeast-1"
          },
          "sensitive_attributes": [],
          "identity_schema_version": 0,
          "identity": {
            "account_id": "867895848293",
            "bucket": "securesix-terraform-portfolio-631ecb3cfde92723f8c2fac0b8",
            "region": "ap-southeast-1"
          },
          "private": "bnVsbA==",
          "dependencies": [
            "aws_s3_bucket.website",
            "data.aws_iam_policy_document.website"
          ]
        }
      ]
    },
    {
      "mode": "managed",
      "type": "aws_s3_bucket_public_access_block",
      "name": "website",
      "provider": "provider[\"registry.terraform.io/hashicorp/aws\"]",
      "instances": [
        {
          "schema_version": 0,
          "attributes": {
            "block_public_acls": true,
            "block_public_policy": false,
            "bucket": "securesix-terraform-portfolio-631ecb3cfde92723f8c2fac0b8",
            "id": "securesix-terraform-portfolio-631ecb3cfde92723f8c2fac0b8",
            "ignore_public_acls": true,
            "region": "ap-southeast-1",
            "restrict_public_buckets": false,
            "skip_destroy": null
          },
          "sensitive_attributes": [],
          "identity_schema_version": 0,
          "identity": {
            "account_id": "867895848293",
            "bucket": "securesix-terraform-portfolio-631ecb3cfde92723f8c2fac0b8",
            "region": "ap-southeast-1"
          },
          "private": "bnVsbA==",
          "dependencies": [
            "aws_s3_bucket.website"
          ]
        }
      ]
    },
    {
      "mode": "managed",
      "type": "aws_s3_bucket_server_side_encryption_configuration",
      "name": "website",
      "provider": "provider[\"registry.terraform.io/hashicorp/aws\"]",
      "instances": [
        {
          "schema_version": 0,
          "attributes": {
            "bucket": "securesix-terraform-portfolio-631ecb3cfde92723f8c2fac0b8",
            "expected_bucket_owner": "",
            "id": "securesix-terraform-portfolio-631ecb3cfde92723f8c2fac0b8",
            "region": "ap-southeast-1",
            "rule": [
              {
                "apply_server_side_encryption_by_default": [
                  {
                    "kms_master_key_id": "",
                    "sse_algorithm": "AES256"
                  }
                ],
                "blocked_encryption_types": [
                  "SSE-C"
                ],
                "bucket_key_enabled": false
              }
            ]
          },
          "sensitive_attributes": [],
          "identity_schema_version": 1,
          "identity": {
            "account_id": "867895848293",
            "bucket": "securesix-terraform-portfolio-631ecb3cfde92723f8c2fac0b8",
            "region": "ap-southeast-1"
          },
          "private": "bnVsbA==",
          "dependencies": [
            "aws_s3_bucket.website"
          ]
        }
      ]
    },
    {
      "mode": "managed",
      "type": "aws_s3_bucket_versioning",
      "name": "website",
      "provider": "provider[\"registry.terraform.io/hashicorp/aws\"]",
      "instances": [
        {
          "schema_version": 0,
          "attributes": {
            "bucket": "securesix-terraform-portfolio-631ecb3cfde92723f8c2fac0b8",
            "expected_bucket_owner": "",
            "id": "securesix-terraform-portfolio-631ecb3cfde92723f8c2fac0b8",
            "mfa": null,
            "region": "ap-southeast-1",
            "versioning_configuration": [
              {
                "mfa_delete": "Disabled",
                "status": "Enabled"
              }
            ]
          },
          "sensitive_attributes": [],
          "identity_schema_version": 1,
          "identity": {
            "account_id": "867895848293",
            "bucket": "securesix-terraform-portfolio-631ecb3cfde92723f8c2fac0b8",
            "region": "ap-southeast-1"
          },
          "private": "bnVsbA==",
          "dependencies": [
            "aws_s3_bucket.website"
          ]
        }
      ]
    },
    {
      "mode": "managed",
      "type": "aws_s3_bucket_website_configuration",
      "name": "website",
      "provider": "provider[\"registry.terraform.io/hashicorp/aws\"]",
      "instances": [
        {
          "schema_version": 0,
          "attributes": {
            "bucket": "securesix-terraform-portfolio-631ecb3cfde92723f8c2fac0b8",
            "error_document": [],
            "expected_bucket_owner": "",
            "id": "securesix-terraform-portfolio-631ecb3cfde92723f8c2fac0b8",
            "index_document": [
              {
                "suffix": "index.html"
              }
            ],
            "redirect_all_requests_to": [],
            "region": "ap-southeast-1",
            "routing_rule": [],
            "routing_rules": "",
            "website_domain": "s3-website-ap-southeast-1.amazonaws.com",
            "website_endpoint": "securesix-terraform-portfolio-631ecb3cfde92723f8c2fac0b8.s3-website-ap-southeast-1.amazonaws.com"
          },
          "sensitive_attributes": [],
          "identity_schema_version": 1,
          "identity": {
            "account_id": "867895848293",
            "bucket": "securesix-terraform-portfolio-631ecb3cfde92723f8c2fac0b8",
            "region": "ap-southeast-1"
          },
          "private": "bnVsbA==",
          "dependencies": [
            "aws_s3_bucket.website"
          ]
        }
      ]
    }
  ],
  "check_results": null
}
